
Microsoft Visual Studio Solution File, Format Version 12.00
# Visual Studio 15
VisualStudioVersion = 15.0.27130.2024
MinimumVisualStudioVersion = 10.0.40219.1
Project("{FAE04EC0-301F-11D3-BF4B-00C04F79EFBC}") = "OutOfClass5", "OutOfClass5\OutOfClass5.csproj", "{88935057-09AC-479F-BC6D-F7DBB0A5D232}"
EndProject
Global
	GlobalSection(SolutionConfigurationPlatforms) = preSolution
		Debug|Any CPU = Debug|Any CPU
		Release|Any CPU = Release|Any CPU
	EndGlobalSection
	GlobalSection(ProjectConfigurationPlatforms) = postSolution
		{88935057-09AC-479F-BC6D-F7DBB0A5D232}.Debug|Any CPU.ActiveCfg = Debug|Any CPU
		{88935057-09AC-479F-BC6D-F7DBB0A5D232}.Debug|Any CPU.Build.0 = Debug|Any CPU
		{88935057-09AC-479F-BC6D-F7DBB0A5D232}.Release|Any CPU.ActiveCfg = Release|Any CPU
		{88935057-09AC-479F-BC6D-F7DBB0A5D232}.Release|Any CPU.Build.0 = Release|Any CPU
	EndGlobalSection
	GlobalSection(SolutionProperties) = preSolution
		HideSolutionNode = FALSE
	EndGlobalSection
	GlobalSection(ExtensibilityGlobals) = postSolution
		SolutionGuid = {0F125E29-209D-4F61-AFC0-685E316EE643}
	EndGlobalSection
EndGlobal
